
Microsoft Visual Studio Solution File, Format Version 12.00
# Visual Studio Version 17
VisualStudioVersion = 17.5.33424.131
MinimumVisualStudioVersion = 10.0.40219.1
Project("{9A19103F-16F7-4668-BE54-9A1E7A4F7556}") = "Budget Buddy GUI", "Budget Buddy GUI\Budget Buddy GUI.csproj", "{2BC61979-B240-4ED7-9A0C-034E6D897B55}"
EndProject
Project("{9A19103F-16F7-4668-BE54-9A1E7A4F7556}") = "BudgetBuddyProject", "BudgetBuddyProject\BudgetBuddyProject.csproj", "{FC9F2CF9-7B19-4A36-9FBC-11195A22682F}"
EndProject
Global
	GlobalSection(SolutionConfigurationPlatforms) = preSolution
		Debug|Any CPU = Debug|Any CPU
		Release|Any CPU = Release|Any CPU
	EndGlobalSection
	GlobalSection(ProjectConfigurationPlatforms) = postSolution
		{2BC61979-B240-4ED7-9A0C-034E6D897B55}.Debug|Any CPU.ActiveCfg = Debug|Any CPU
		{2BC61979-B240-4ED7-9A0C-034E6D897B55}.Debug|Any CPU.Build.0 = Debug|Any CPU
		{2BC61979-B240-4ED7-9A0C-034E6D897B55}.Release|Any CPU.ActiveCfg = Release|Any CPU
		{2BC61979-B240-4ED7-9A0C-034E6D897B55}.Release|Any CPU.Build.0 = Release|Any CPU
		{FC9F2CF9-7B19-4A36-9FBC-11195A22682F}.Debug|Any CPU.ActiveCfg = Debug|Any CPU
		{FC9F2CF9-7B19-4A36-9FBC-11195A22682F}.Debug|Any CPU.Build.0 = Debug|Any CPU
		{FC9F2CF9-7B19-4A36-9FBC-11195A22682F}.Release|Any CPU.ActiveCfg = Release|Any CPU
		{FC9F2CF9-7B19-4A36-9FBC-11195A22682F}.Release|Any CPU.Build.0 = Release|Any CPU
	EndGlobalSection
	GlobalSection(SolutionProperties) = preSolution
		HideSolutionNode = FALSE
	EndGlobalSection
	GlobalSection(ExtensibilityGlobals) = postSolution
		SolutionGuid = {008E0A7F-ABC4-4FC5-936B-2152FDC7A1C4}
	EndGlobalSection
EndGlobal
