
Microsoft Visual Studio Solution File, Format Version 12.00
# Visual Studio Version 17
VisualStudioVersion = 17.5.33424.131
MinimumVisualStudioVersion = 10.0.40219.1
Project("{9A19103F-16F7-4668-BE54-9A1E7A4F7556}") = "BudgetBuddyDataProject", "BudgetBuddyDataProject\BudgetBuddyDataProject.csproj", "{32DC704E-012D-44F9-B4A6-7E64CCE0D436}"
EndProject
Project("{9A19103F-16F7-4668-BE54-9A1E7A4F7556}") = "BudgetBuddyProjectGUI", "BudgetBuddyProjectGUI\BudgetBuddyProjectGUI.csproj", "{AEF7B221-2739-4DCC-900B-1DBF8569C4E6}"
	ProjectSection(ProjectDependencies) = postProject
		{32DC704E-012D-44F9-B4A6-7E64CCE0D436} = {32DC704E-012D-44F9-B4A6-7E64CCE0D436}
	EndProjectSection
EndProject
Global
	GlobalSection(SolutionConfigurationPlatforms) = preSolution
		Debug|Any CPU = Debug|Any CPU
		Release|Any CPU = Release|Any CPU
	EndGlobalSection
	GlobalSection(ProjectConfigurationPlatforms) = postSolution
		{32DC704E-012D-44F9-B4A6-7E64CCE0D436}.Debug|Any CPU.ActiveCfg = Debug|Any CPU
		{32DC704E-012D-44F9-B4A6-7E64CCE0D436}.Debug|Any CPU.Build.0 = Debug|Any CPU
		{32DC704E-012D-44F9-B4A6-7E64CCE0D436}.Release|Any CPU.ActiveCfg = Release|Any CPU
		{32DC704E-012D-44F9-B4A6-7E64CCE0D436}.Release|Any CPU.Build.0 = Release|Any CPU
		{AEF7B221-2739-4DCC-900B-1DBF8569C4E6}.Debug|Any CPU.ActiveCfg = Debug|Any CPU
		{AEF7B221-2739-4DCC-900B-1DBF8569C4E6}.Debug|Any CPU.Build.0 = Debug|Any CPU
		{AEF7B221-2739-4DCC-900B-1DBF8569C4E6}.Release|Any CPU.ActiveCfg = Release|Any CPU
		{AEF7B221-2739-4DCC-900B-1DBF8569C4E6}.Release|Any CPU.Build.0 = Release|Any CPU
	EndGlobalSection
	GlobalSection(SolutionProperties) = preSolution
		HideSolutionNode = FALSE
	EndGlobalSection
	GlobalSection(ExtensibilityGlobals) = postSolution
		SolutionGuid = {008E0A7F-ABC4-4FC5-936B-2152FDC7A1C4}
	EndGlobalSection
EndGlobal
